# THIS IS AN AUTOGENERATED FILE. DO NOT EDIT THIS FILE DIRECTLY.
# yarn lockfile v1


"@metaplex-foundation/umi-bundle-defaults@^1.1.1":
  version "1.2.0"
  resolved "https://registry.yarnpkg.com/@metaplex-foundation/umi-bundle-defaults/-/umi-bundle-defaults-1.2.0.tgz#5f895cd3c9bbcd374a22733a2248654d4589d481"
  integrity sha512-xbBxnvsADoC/L40HOvWWnrfE1q+7FCSwZ+LsYi3dWn8A93FhcI2gpxZ+Uqy+LzHDmGmuipdECbTRFdSBLMulBA==
  dependencies:
    "@metaplex-foundation/umi-downloader-http" "^1.2.0"
    "@metaplex-foundation/umi-eddsa-web3js" "^1.0.1"
    "@metaplex-foundation/umi-http-fetch" "^1.2.0"
    "@metaplex-foundation/umi-program-repository" "^1.2.0"
    "@metaplex-foundation/umi-rpc-chunk-get-accounts" "^1.2.0"
    "@metaplex-foundation/umi-rpc-web3js" "^1.2.0"
    "@metaplex-foundation/umi-serializer-data-view" "^1.2.0"
    "@metaplex-foundation/umi-transaction-factory-web3js" "^1.2.0"

"@metaplex-foundation/umi-downloader-http@^1.2.0":
  version "1.2.0"
  resolved "https://registry.yarnpkg.com/@metaplex-foundation/umi-downloader-http/-/umi-downloader-http-1.2.0.tgz#067c57e71ac4d7d14736776374e60164c58a7438"
  integrity sha512-voEu9BFePmPGkucZCIVDOGkkvBMuzkeHjkvmSP3E2i0YT5299HryR8sr7i9G4uNwKF/FIVdTw1qQnW61cpS2qQ==

"@metaplex-foundation/umi-eddsa-web3js@^1.0.1":
  version "1.1.1"
  resolved "https://registry.yarnpkg.com/@metaplex-foundation/umi-eddsa-web3js/-/umi-eddsa-web3js-1.1.1.tgz#a60ed2461c7f7c2a96d048cf7183a3b1faa308a1"
  integrity sha512-rL22HATY7W02DqJLdBKZ8jedhMtd7iKReIFNPXLGnVeUpDwxXaqWPySZxZ+2TjY6f+Idoq2g2TpPCUGND/iOeA==
  dependencies:
    "@metaplex-foundation/umi-web3js-adapters" "1.1.1"
    "@noble/curves" "^1.0.0"
    yaml "^2.7.0"

"@metaplex-foundation/umi-http-fetch@^1.2.0":
  version "1.2.0"
  resolved "https://registry.yarnpkg.com/@metaplex-foundation/umi-http-fetch/-/umi-http-fetch-1.2.0.tgz#109b7a1f5dc6deff61baa932a5de26a695117508"
  integrity sha512-rbM97PPCAmjbR90wnSCTxJFkCUIKR++gS5lIm+ZNZ96XrjvOrFURZpSYloyDGvXRNgF44eTYWDYIDLy5zmI2JQ==
  dependencies:
    node-fetch "^2.6.7"

"@metaplex-foundation/umi-options@^1.2.0":
  version "1.2.0"
  resolved "https://registry.yarnpkg.com/@metaplex-foundation/umi-options/-/umi-options-1.2.0.tgz#934fae509b15de9a02d8c06315a7fc24defe35bd"
  integrity sha512-dNEfhDg9PUoosU46SnmB8PzdhgAF7qJ0RUkn5keLKU2s0Xy2DKZVtdaELTfMZZckhaDvOzRTKdphTRrEwIjbyw==

"@metaplex-foundation/umi-program-repository@^1.2.0":
  version "1.2.0"
  resolved "https://registry.yarnpkg.com/@metaplex-foundation/umi-program-repository/-/umi-program-repository-1.2.0.tgz#c770fbe20dc491118bab94436a5fb5766c17b600"
  integrity sha512-mbsE0BPmqv3cMfk/jn+EKoUDJHbUieFcp8o2eRSkVBJhjXqkfLJgJ8s3koBn8vv5mcmavEBDqPYNqJQs93je0g==

"@metaplex-foundation/umi-public-keys@^1.2.0":
  version "1.2.0"
  resolved "https://registry.yarnpkg.com/@metaplex-foundation/umi-public-keys/-/umi-public-keys-1.2.0.tgz#ce970035b0975ca6728cc85dd084163b328898e8"
  integrity sha512-UZISKLcrsAQ3M17JCkNIXtacoKHpSNEgXHGcxyJp7zfJkdLDq5Qlvd7KeyZoYC7A7XuA3lAlVY14qhhIwC5p5w==
  dependencies:
    "@metaplex-foundation/umi-serializers-encodings" "^1.2.0"

"@metaplex-foundation/umi-rpc-chunk-get-accounts@^1.2.0":
  version "1.2.0"
  resolved "https://registry.yarnpkg.com/@metaplex-foundation/umi-rpc-chunk-get-accounts/-/umi-rpc-chunk-get-accounts-1.2.0.tgz#46ce2b03ee6f7c106d178104c5a3579bbd58ed83"
  integrity sha512-j5eSFmilDxIjw/uudZh6cvwIpwwp1vjW0XBFB7SLCDzsAHn4SaEq2j+Xwn3cvjKLBB0haJqHlMG9x35gXqBkqg==

"@metaplex-foundation/umi-rpc-web3js@^1.2.0":
  version "1.2.0"
  resolved "https://registry.yarnpkg.com/@metaplex-foundation/umi-rpc-web3js/-/umi-rpc-web3js-1.2.0.tgz#5f664628756d0f7ca4a92aa14640e23433eb33e4"
  integrity sha512-nMWJA/v8gnhA3D2iBHSHWyS02YAL9zIhE8gxWufk56GY1fTo/jBp8HQrxI4PZH0E8A1fGnBZSU0SkL4lRm7Ljw==
  dependencies:
    "@metaplex-foundation/umi-web3js-adapters" "^1.2.0"

"@metaplex-foundation/umi-serializer-data-view@^1.2.0":
  version "1.2.0"
  resolved "https://registry.yarnpkg.com/@metaplex-foundation/umi-serializer-data-view/-/umi-serializer-data-view-1.2.0.tgz#1f0794537f651a8ea8c1f3a24d447ef63a79da4b"
  integrity sha512-3w9WQzfrq851cIyvzcbEslJEL4oah3r/9Y/A2zyUwCsri5/3s/G0CcHgHPaS6/cvpyYybqBJjyJKMcGiVxzs8Q==

"@metaplex-foundation/umi-serializers-core@^1.2.0":
  version "1.2.0"
  resolved "https://registry.yarnpkg.com/@metaplex-foundation/umi-serializers-core/-/umi-serializers-core-1.2.0.tgz#6efd22ac44f8f531f8decfcb3ed3a4c843a62004"
  integrity sha512-9scqhjkjW8tJ+/q1veh73jQjo9vvgTN5iN4OfOYFMtFVTT8/y2AVxGmniV/DbQC5wIgx7WTZkAnJmqOMs2904Q==

"@metaplex-foundation/umi-serializers-encodings@^1.2.0":
  version "1.2.0"
  resolved "https://registry.yarnpkg.com/@metaplex-foundation/umi-serializers-encodings/-/umi-serializers-encodings-1.2.0.tgz#59283ccd7c364e8ed701d61484e7361a9c22bd4f"
  integrity sha512-Yo3TPI9ei8Z5eTJ1UeT12+pYaQ1zMSn57/M/3r4WAOTFtTCOuKsDRKg8eBQCpBuffH8yGUbRs0poy1n25IzeNg==
  dependencies:
    "@metaplex-foundation/umi-serializers-core" "^1.2.0"

"@metaplex-foundation/umi-serializers-numbers@^1.2.0":
  version "1.2.0"
  resolved "https://registry.yarnpkg.com/@metaplex-foundation/umi-serializers-numbers/-/umi-serializers-numbers-1.2.0.tgz#9d9b3af100b3026311731947954d9f53d814bc62"
  integrity sha512-ZBVb498GHYlfB+1JzOcczJ1LrCYWr0IiiXjeEAf+64mSSp3IFwK7D3rjL6RZ05bjxBzuWDJVRzI+mFVFC9UgtQ==
  dependencies:
    "@metaplex-foundation/umi-serializers-core" "^1.2.0"

"@metaplex-foundation/umi-serializers@^1.2.0":
  version "1.2.0"
  resolved "https://registry.yarnpkg.com/@metaplex-foundation/umi-serializers/-/umi-serializers-1.2.0.tgz#1038d609cc2a5037c210e4d96760b317eff9e931"
  integrity sha512-7ivgqVP6ZouN13EBN5aMirjoX2x0Ja7IuzrBeIa8YYrxGcy7YQp+fUj4YCPtMClzsETgJ5jL8EZnZPpZX4dxaQ==
  dependencies:
    "@metaplex-foundation/umi-options" "^1.2.0"
    "@metaplex-foundation/umi-public-keys" "^1.2.0"
    "@metaplex-foundation/umi-serializers-core" "^1.2.0"
    "@metaplex-foundation/umi-serializers-encodings" "^1.2.0"
    "@metaplex-foundation/umi-serializers-numbers" "^1.2.0"

"@metaplex-foundation/umi-transaction-factory-web3js@^1.2.0":
  version "1.2.0"
  resolved "https://registry.yarnpkg.com/@metaplex-foundation/umi-transaction-factory-web3js/-/umi-transaction-factory-web3js-1.2.0.tgz#c595ed6520162e00ffe45c150e4fc59b0bd32c03"
  integrity sha512-CDpx6KSYOEonWsHJEVUfZTzu3g0ElclUNgeAXhLyKzimS1fd7FvAkbFom6egQz6ZPuqGv/5ZTHQv37UxoGy+Zg==
  dependencies:
    "@metaplex-foundation/umi-web3js-adapters" "^1.2.0"

"@metaplex-foundation/umi-web3js-adapters@1.1.1":
  version "1.1.1"
  resolved "https://registry.yarnpkg.com/@metaplex-foundation/umi-web3js-adapters/-/umi-web3js-adapters-1.1.1.tgz#5afc9568ea3c4811ff5b1cbff16462c5eb33200d"
  integrity sha512-UXP2aY3ce59nSxsVJ4sFLtGCHpesqLTxTag2yI6grCXe0dEz+1kONMn0XFRLcYgiSKOcptJSoJWbILlHnUsWDg==
  dependencies:
    buffer "^6.0.3"

"@metaplex-foundation/umi-web3js-adapters@^1.1.1", "@metaplex-foundation/umi-web3js-adapters@^1.2.0":
  version "1.2.0"
  resolved "https://registry.yarnpkg.com/@metaplex-foundation/umi-web3js-adapters/-/umi-web3js-adapters-1.2.0.tgz#6114aed3831d32644e0a14c5c9506707e0446d5e"
  integrity sha512-kKfsva8aoHTZXHbet6U/dV/va+hSFoVpqLiKFoUg3HV2Cp5IgdLXo2PH4/iN6AlE+S+a0S3+jt/7gat2rsskuw==
  dependencies:
    buffer "^6.0.3"

"@metaplex-foundation/umi@^1.1.1":
  version "1.2.0"
  resolved "https://registry.yarnpkg.com/@metaplex-foundation/umi/-/umi-1.2.0.tgz#905ce9efb4c5baa3ab451cd2ca8545ebdc76b791"
  integrity sha512-SIcDO8O9gRYL2C5ntsedVfpRBICK7ZoMB5ap8P5N2TEJ/QC205UxDzhdQsImdWQG1DQ7XJsDXWiiFzccpFZcSg==
  dependencies:
    "@metaplex-foundation/umi-options" "^1.2.0"
    "@metaplex-foundation/umi-public-keys" "^1.2.0"
    "@metaplex-foundation/umi-serializers" "^1.2.0"

"@noble/curves@^1.0.0":
  version "1.9.0"
  resolved "https://registry.yarnpkg.com/@noble/curves/-/curves-1.9.0.tgz#13e0ca8be4a0ce66c113693a94514e5599f40cfc"
  integrity sha512-7YDlXiNMdO1YZeH6t/kvopHHbIZzlxrCV9WLqCY6QhcXOoXiNCMDqJIglZ9Yjx5+w7Dz30TITFrlTjnRg7sKEg==
  dependencies:
    "@noble/hashes" "1.8.0"

"@noble/hashes@1.8.0", "@noble/hashes@^1.7.1":
  version "1.8.0"
  resolved "https://registry.yarnpkg.com/@noble/hashes/-/hashes-1.8.0.tgz#cee43d801fcef9644b11b8194857695acd5f815a"
  integrity sha512-jCs9ldd7NwzpgXDIf6P3+NrHh9/sD6CQdxHyjQI+h/6rDNo88ypBxxz45UDuZHz9r3tNz7N/VInSVoVdtXEI4A==

base64-js@^1.3.1:
  version "1.5.1"
  resolved "https://registry.yarnpkg.com/base64-js/-/base64-js-1.5.1.tgz#1b1b440160a5bf7ad40b650f095963481903930a"
  integrity sha512-AKpaYlHn8t4SVbOHCy+b5+KKgvR4vrsD8vbvrbiQJps7fKDTkjkDry6ji0rUJjC0kzbNePLwzxq8iypo41qeWA==

buffer-reverse@^1.0.1:
  version "1.0.1"
  resolved "https://registry.yarnpkg.com/buffer-reverse/-/buffer-reverse-1.0.1.tgz#49283c8efa6f901bc01fa3304d06027971ae2f60"
  integrity sha512-M87YIUBsZ6N924W57vDwT/aOu8hw7ZgdByz6ijksLjmHJELBASmYTTlNHRgjE+pTsT9oJXGaDSgqqwfdHotDUg==

buffer@^6.0.3:
  version "6.0.3"
  resolved "https://registry.yarnpkg.com/buffer/-/buffer-6.0.3.tgz#2ace578459cc8fbe2a70aaa8f52ee63b6a74c6c6"
  integrity sha512-FTiCpNxtwiZZHEZbcbTIcZjERVICn9yq/pDFkTl95/AxzD1naBctN7YO68riM/gLSDY7sdrMby8hofADYuuqOA==
  dependencies:
    base64-js "^1.3.1"
    ieee754 "^1.2.1"

crypto-js@^4.2.0:
  version "4.2.0"
  resolved "https://registry.yarnpkg.com/crypto-js/-/crypto-js-4.2.0.tgz#4d931639ecdfd12ff80e8186dba6af2c2e856631"
  integrity sha512-KALDyEYgpY+Rlob/iriUtjV6d5Eq+Y191A5g4UqLAi8CyGP9N1+FdVbkc1SxKc2r4YAYqG8JzO2KGL+AizD70Q==

date-fns@^4.1.0:
  version "4.1.0"
  resolved "https://registry.yarnpkg.com/date-fns/-/date-fns-4.1.0.tgz#64b3d83fff5aa80438f5b1a633c2e83b8a1c2d14"
  integrity sha512-Ukq0owbQXxa/U3EGtsdVBkR1w7KOQ5gIBqdH2hkvknzZPYvBxb/aa6E8L7tmjFtkwZBu3UXBbjIgPo/Ez4xaNg==

ieee754@^1.2.1:
  version "1.2.1"
  resolved "https://registry.yarnpkg.com/ieee754/-/ieee754-1.2.1.tgz#8eb7a10a63fff25d15a57b001586d177d1b0d352"
  integrity sha512-dcyqhDvX1C46lXZcVqCpK+FtMRQVdIMN6/Df5js2zouUsqG7I6sFxitIC+7KYK29KdXOLHdu9zL4sFnoVQnqaA==

merkletreejs@^0.5.1:
  version "0.5.2"
  resolved "https://registry.yarnpkg.com/merkletreejs/-/merkletreejs-0.5.2.tgz#12321ff6121aa60ef237f4323a9fda193a69148f"
  integrity sha512-MHqclSWRSQQbYciUMALC3PZmE23NPf5IIYo+Z7qAz5jVcqgCB95L1T9jGcr+FtOj2Pa2/X26uG2Xzxs7FJccUg==
  dependencies:
    buffer-reverse "^1.0.1"
    crypto-js "^4.2.0"
    treeify "^1.1.0"

node-fetch@^2.6.7:
  version "2.7.0"
  resolved "https://registry.yarnpkg.com/node-fetch/-/node-fetch-2.7.0.tgz#d0f0fa6e3e2dc1d27efcd8ad99d550bda94d187d"
  integrity sha512-c4FRfUm/dbcWZ7U+1Wq0AwCyFL+3nt2bEw05wfxSz+DWpWsitgmSgYmy2dQdWyKC1694ELPqMs/YzUSNozLt8A==
  dependencies:
    whatwg-url "^5.0.0"

tr46@~0.0.3:
  version "0.0.3"
  resolved "https://registry.yarnpkg.com/tr46/-/tr46-0.0.3.tgz#8184fd347dac9cdc185992f3a6622e14b9d9ab6a"
  integrity sha512-N3WMsuqV66lT30CrXNbEjx4GEwlow3v6rr4mCcv6prnfwhS01rkgyFdjPNBYd9br7LpXV1+Emh01fHnq2Gdgrw==

treeify@^1.1.0:
  version "1.1.0"
  resolved "https://registry.yarnpkg.com/treeify/-/treeify-1.1.0.tgz#4e31c6a463accd0943879f30667c4fdaff411bb8"
  integrity sha512-1m4RA7xVAJrSGrrXGs0L3YTwyvBs2S8PbRHaLZAkFw7JR8oIFwYtysxlBZhYIa7xSyiYJKZ3iGrrk55cGA3i9A==

typescript@^5.0.0:
  version "5.8.3"
  resolved "https://registry.yarnpkg.com/typescript/-/typescript-5.8.3.tgz#92f8a3e5e3cf497356f4178c34cd65a7f5e8440e"
  integrity sha512-p1diW6TqL9L07nNxvRMM7hMMw4c5XOo/1ibL4aAIGmSAt9slTE1Xgw5KWuof2uTOvCg9BY7ZRi+GaF+7sfgPeQ==

webidl-conversions@^3.0.0:
  version "3.0.1"
  resolved "https://registry.yarnpkg.com/webidl-conversions/-/webidl-conversions-3.0.1.tgz#24534275e2a7bc6be7bc86611cc16ae0a5654871"
  integrity sha512-2JAn3z8AR6rjK8Sm8orRC0h/bcl/DqL7tRPdGZ4I1CjdF+EaMLmYxBHyXuKL849eucPFhvBoxMsflfOb8kxaeQ==

whatwg-url@^5.0.0:
  version "5.0.0"
  resolved "https://registry.yarnpkg.com/whatwg-url/-/whatwg-url-5.0.0.tgz#966454e8765462e37644d3626f6742ce8b70965d"
  integrity sha512-saE57nupxk6v3HY35+jzBwYa0rKSy0XR8JSxZPwgLr7ys0IBzhGviA1/TUGJLmSVqs8pb9AnvICXEuOHLprYTw==
  dependencies:
    tr46 "~0.0.3"
    webidl-conversions "^3.0.0"

yaml@^2.7.0:
  version "2.7.1"
  resolved "https://registry.yarnpkg.com/yaml/-/yaml-2.7.1.tgz#44a247d1b88523855679ac7fa7cda6ed7e135cf6"
  integrity sha512-10ULxpnOCQXxJvBgxsn9ptjq6uviG/htZKk9veJGhlqn3w/DxQ631zFF+nlQXLwmImeS5amR2dl2U8sg6U9jsQ==
